{
  "name": "extension",
  "version": "1.0.0",
  "lockfileVersion": 3,
  "requires": true,
  "packages": {
    "": {
      "name": "extension",
      "version": "1.0.0",
      "license": "ISC",
      "dependencies": {
        "chrome-types": "^0.1.278"
      }
    },
    "node_modules/chrome-types": {
      "version": "0.1.278",
      "resolved": "https://registry.npmjs.org/chrome-types/-/chrome-types-0.1.278.tgz",
      "integrity": "sha512-CeC7VkE/fLuB61ZA8SZrK6ZYvqowLMvSbXzQs18ZlRaxMZpmojMZ9MTcpqQPmqkLNJGolhBhmMszwYLo60u4ng=="
    }
  }
}
